
Microsoft Visual Studio Solution File, Format Version 12.00
# Visual Studio Version 16
VisualStudioVersion = 16.0.29411.138
MinimumVisualStudioVersion = 10.0.40219.1
Project("{FAE04EC0-301F-11D3-BF4B-00C04F79EFBC}") = "IntegrateTechnicalTest", "IntegrateTechnicalTest.csproj", "{ABF4B37C-1A00-4C81-B654-F8AB04EF3687}"
EndProject
Project("{2150E333-8FDC-42A3-9474-1A3956D46DE8}") = "Tests", "Tests", "{21565B49-6FB0-4100-AB4E-3CC3CB6E4720}"
EndProject
Project("{FAE04EC0-301F-11D3-BF4B-00C04F79EFBC}") = "IntegrateTechnicalTest.UnitTests.NUnit", "..\IntegrateTechnicalTest.NUnitTests\IntegrateTechnicalTest.UnitTests.NUnit.csproj", "{3F192D55-441C-42BE-A8CA-01311F72B4BF}"
EndProject
Project("{FAE04EC0-301F-11D3-BF4B-00C04F79EFBC}") = "IntegrationTests.NunitTests", "..\IntegrationTests.NunitTests\IntegrationTests.NunitTests.csproj", "{16C49A71-8489-4DF9-A3A7-C06CA2907CCB}"
EndProject
Global
	GlobalSection(SolutionConfigurationPlatforms) = preSolution
		Debug|Any CPU = Debug|Any CPU
		Release|Any CPU = Release|Any CPU
	EndGlobalSection
	GlobalSection(ProjectConfigurationPlatforms) = postSolution
		{ABF4B37C-1A00-4C81-B654-F8AB04EF3687}.Debug|Any CPU.ActiveCfg = Debug|Any CPU
		{ABF4B37C-1A00-4C81-B654-F8AB04EF3687}.Debug|Any CPU.Build.0 = Debug|Any CPU
		{ABF4B37C-1A00-4C81-B654-F8AB04EF3687}.Release|Any CPU.ActiveCfg = Release|Any CPU
		{ABF4B37C-1A00-4C81-B654-F8AB04EF3687}.Release|Any CPU.Build.0 = Release|Any CPU
		{3F192D55-441C-42BE-A8CA-01311F72B4BF}.Debug|Any CPU.ActiveCfg = Debug|Any CPU
		{3F192D55-441C-42BE-A8CA-01311F72B4BF}.Debug|Any CPU.Build.0 = Debug|Any CPU
		{3F192D55-441C-42BE-A8CA-01311F72B4BF}.Release|Any CPU.ActiveCfg = Release|Any CPU
		{3F192D55-441C-42BE-A8CA-01311F72B4BF}.Release|Any CPU.Build.0 = Release|Any CPU
		{16C49A71-8489-4DF9-A3A7-C06CA2907CCB}.Debug|Any CPU.ActiveCfg = Debug|Any CPU
		{16C49A71-8489-4DF9-A3A7-C06CA2907CCB}.Debug|Any CPU.Build.0 = Debug|Any CPU
		{16C49A71-8489-4DF9-A3A7-C06CA2907CCB}.Release|Any CPU.ActiveCfg = Release|Any CPU
		{16C49A71-8489-4DF9-A3A7-C06CA2907CCB}.Release|Any CPU.Build.0 = Release|Any CPU
	EndGlobalSection
	GlobalSection(SolutionProperties) = preSolution
		HideSolutionNode = FALSE
	EndGlobalSection
	GlobalSection(NestedProjects) = preSolution
		{3F192D55-441C-42BE-A8CA-01311F72B4BF} = {21565B49-6FB0-4100-AB4E-3CC3CB6E4720}
		{16C49A71-8489-4DF9-A3A7-C06CA2907CCB} = {21565B49-6FB0-4100-AB4E-3CC3CB6E4720}
	EndGlobalSection
	GlobalSection(ExtensibilityGlobals) = postSolution
		SolutionGuid = {E766C645-EAA0-48FC-A481-AA10CF536C41}
	EndGlobalSection
EndGlobal
